#MicroXplorer Configuration settings - do not modify
Mcu.Family=STM32L4
ProjectManager.MainLocation=Core/Src
RCC.USART1Freq_Value=64000000
SH.S_TIM1_CH4.0=TIM1_CH4,Input_Capture4_from_TI4
RCC.SAI1Freq_Value=18285714.285714287
RCC.CortexFreq_Value=64000000
TIM2.Channel-Input_Capture1_from_TI1=TIM_CHANNEL_1
ProjectManager.KeepUserCode=true
Mcu.UserName=STM32L432KCUx
TIM1.IPParameters=Prescaler,Channel-Input_Capture4_from_TI4,ICPolarity_CH4,ICFilter_CH4
RCC.PLLSAI1RoutputFreq_Value=64000000
NVIC.RTC_WKUP_IRQn=true\:0\:0\:false\:false\:true\:true\:true
ProjectManager.functionlistsort=1-MX_GPIO_Init-GPIO-false-HAL-true,2-SystemClock_Config-RCC-false-HAL-false,3-MX_TIM1_Init-TIM1-false-HAL-true,4-MX_TIM2_Init-TIM2-false-HAL-true,5-MX_RTC_Init-RTC-false-HAL-true,6-MX_TIM16_Init-TIM16-false-HAL-true,7-MX_TIM15_Init-TIM15-false-HAL-true,8-MX_LPUART1_UART_Init-LPUART1-false-HAL-true
PA9.GPIOParameters=GPIO_Label
VP_RTC_VS_RTC_Activate.Mode=RTC_Enabled
RCC.RTCFreq_Value=32000
LPUART1.WordLength=UART_WORDLENGTH_8B
PB0.GPIO_Label=LED_GREEN
RCC.USART2Freq_Value=16000000
PA15\ (JTDI).Signal=GPXTI15
VP_RTC_VS_RTC_Calendar.Signal=RTC_VS_RTC_Calendar
PC15-OSC32_OUT\ (PC15).Mode=LSE-External-Oscillator
PinOutPanel.RotationAngle=0
RCC.MCO1PinFreq_Value=64000000
RCC.SYSCLKSource=RCC_SYSCLKSOURCE_PLLCLK
ProjectManager.StackSize=0x400
PC14-OSC32_IN\ (PC14).Mode=LSE-External-Oscillator
PA14\ (JTCK-SWCLK).Signal=SYS_JTCK-SWCLK
RCC.I2C3Freq_Value=16000000
RCC.LPTIM1Freq_Value=16000000
Mcu.IP4=SYS
RCC.FCLKCortexFreq_Value=64000000
RCC.LPUART1CLockSelection=RCC_LPUART1CLKSOURCE_HSI
Mcu.IP5=TIM1
NVIC.SVCall_IRQn=true\:0\:0\:false\:false\:true\:false\:false
Mcu.IP2=RCC
Mcu.IP3=RTC
Mcu.IP0=LPUART1
Mcu.IP1=NVIC
RTC.SynchPrediv=255
TIM1.Prescaler=0
SH.S_TIM16_CH1.ConfNb=1
Mcu.UserConstants=
TIM2.ICPolarity_CH2=TIM_INPUTCHANNELPOLARITY_BOTHEDGE
RCC.VCOSAI1OutputFreq_Value=128000000
TIM2.ICPolarity_CH1=TIM_INPUTCHANNELPOLARITY_RISING
Mcu.ThirdPartyNb=0
RCC.HCLKFreq_Value=64000000
Mcu.IPNb=9
TIM2.IPParameters=Channel-Input_Capture1_from_TI1,Prescaler,ICPolarity_CH1,ICFilter_CH1,Channel-Input_Capture2_from_TI2,ICPolarity_CH2,ICFilter_CH2
ProjectManager.PreviousToolchain=
RCC.APB2TimFreq_Value=64000000
RTC.IPParameters=AsynchPrediv,SynchPrediv
Mcu.Pin6=PA4
Mcu.Pin7=PA5
VP_TIM2_VS_ClockSourceINT.Signal=TIM2_VS_ClockSourceINT
Mcu.Pin8=PA6
Mcu.Pin9=PA7
RCC.AHBFreq_Value=64000000
Mcu.Pin0=PC14-OSC32_IN (PC14)
Mcu.Pin1=PC15-OSC32_OUT (PC15)
GPIO.groupedBy=Group By Peripherals
Mcu.Pin2=PA0
Mcu.Pin3=PA1
Mcu.Pin4=PA2
Mcu.Pin5=PA3
ProjectManager.ProjectBuild=false
RCC.HSE_VALUE=8000000
NVIC.UsageFault_IRQn=true\:0\:0\:false\:false\:true\:false\:false
PA0.Locked=true
NVIC.DebugMonitor_IRQn=true\:0\:0\:false\:false\:true\:false\:false
PA4.Locked=true
NVIC.SysTick_IRQn=true\:0\:0\:false\:false\:true\:false\:true
ProjectManager.FirmwarePackage=STM32Cube FW_L4 V1.17.0
MxDb.Version=DB.6.0.20
PB0.GPIOParameters=GPIO_Label
ProjectManager.BackupPrevious=false
RCC.VCOInputFreq_Value=16000000
NVIC.TIM2_IRQn=true\:0\:0\:false\:false\:true\:true\:true
File.Version=6
PA10.GPIO_Label=BUZZER_2
RTC.AsynchPrediv=127
SH.S_TIM2_CH1.ConfNb=1
RCC.PLLRCLKFreq_Value=64000000
NVIC.PendSV_IRQn=true\:0\:0\:false\:false\:true\:false\:false
VP_TIM15_VS_ClockSourceINT.Signal=TIM15_VS_ClockSourceINT
ProjectManager.HalAssertFull=false
VP_TIM1_VS_ClockSourceINT.Mode=Internal
PB0.Locked=true
ProjectManager.ProjectName=inputCapturBA
PA0.Signal=RTC_TAMP2
PB4\ (NJTRST).Locked=true
Mcu.Package=UFQFPN32
TIM2.Prescaler=0
PA6.Signal=S_TIM16_CH1
PA7.Locked=true
TIM2.Channel-Input_Capture2_from_TI2=TIM_CHANNEL_2
ProjectManager.ToolChainLocation=
RCC.LSI_VALUE=32000
VP_SYS_VS_Systick.Signal=SYS_VS_Systick
RCC.LSCOPinFreq_Value=32000
PA10.Signal=GPIO_Output
VP_RTC_VS_RTC_Calendar.Mode=RTC_Calendar
RCC.PLLPoutputFreq_Value=18285714.285714287
RCC.APB1TimFreq_Value=32000000
TIM1.ICPolarity_CH4=TIM_INPUTCHANNELPOLARITY_BOTHEDGE
NVIC.BusFault_IRQn=true\:0\:0\:false\:false\:true\:false\:false
RCC.LPUART1Freq_Value=16000000
TIM16.Prescaler=64-1
TIM16.ICPolarity_CH1=TIM_INPUTCHANNELPOLARITY_BOTHEDGE
PA13\ (JTMS-SWDIO).Signal=SYS_JTMS-SWDIO
TIM1.ICFilter_CH4=4
ProjectManager.CustomerFirmwarePackage=
NVIC.RCC_IRQn=true\:0\:0\:false\:false\:true\:true\:false
RCC.HSI48_VALUE=48000000
PA3.Signal=LPUART1_RX
VP_RTC_VS_RTC_Activate.Signal=RTC_VS_RTC_Activate
RCC.MSI_VALUE=4000000
RCC.PLLSourceVirtual=RCC_PLLSOURCE_HSI
PA14\ (JTCK-SWCLK).Mode=Serial_Wire
RCC.PLLQoutputFreq_Value=64000000
ProjectManager.ProjectFileName=inputCapturBA.ioc
SH.S_TIM2_CH1.0=TIM2_CH1,Input_Capture1_from_TI1
Mcu.PinsNb=27
ProjectManager.NoMain=false
PA9.GPIO_Label=BUZZER_1
RCC.SWPMI1Freq_Value=16000000
ProjectManager.DefaultFWLocation=true
SH.S_TIM16_CH1.0=TIM16_CH1,Input_Capture1_from_TI1
PC15-OSC32_OUT\ (PC15).Signal=RCC_OSC32_OUT
VP_TIM16_VS_ClockSourceINT.Mode=Enable_Timer
ProjectManager.DeletePrevious=true
RCC.APB1CLKDivider=RCC_HCLK_DIV4
TIM16.Channel=TIM_CHANNEL_1
LPUART1.IPParameters=BaudRate,WordLength
RCC.FamilyName=M
PA3.Mode=Asynchronous
SH.S_TIM2_CH2.0=TIM2_CH2,Input_Capture2_from_TI2
ProjectManager.TargetToolchain=STM32CubeIDE
VP_RTC_VS_RTC_WakeUp_intern.Signal=RTC_VS_RTC_WakeUp_intern
PA9.Signal=GPIO_Output
SH.S_TIM2_CH2.ConfNb=1
VP_TIM1_VS_ClockSourceINT.Signal=TIM1_VS_ClockSourceINT
TIM2.ICFilter_CH2=4
TIM2.ICFilter_CH1=4
PB5.Locked=true
ProjectManager.RegisterCallBack=
RCC.USBFreq_Value=64000000
PA1.Signal=S_TIM2_CH2
RCC.PLLSAI1PoutputFreq_Value=18285714.285714287
PA5.Signal=S_TIM2_CH1
board=custom
RCC.VCOOutputFreq_Value=128000000
ProjectManager.LastFirmware=true
RCC.APB2Freq_Value=64000000
MxCube.Version=6.2.0
VP_TIM2_VS_ClockSourceINT.Mode=Internal
RCC.I2C1Freq_Value=16000000
RCC.RNGFreq_Value=64000000
RCC.PLLSAI1QoutputFreq_Value=64000000
RCC.ADCFreq_Value=64000000
PA10.GPIOParameters=GPIO_Label
VP_SYS_VS_Systick.Mode=SysTick
PA9.Locked=true
VP_TIM16_VS_ClockSourceINT.Signal=TIM16_VS_ClockSourceINT
NVIC.NonMaskableInt_IRQn=true\:0\:0\:false\:false\:true\:false\:false
ProjectManager.FreePins=false
RCC.IPParameters=ADCFreq_Value,AHBFreq_Value,APB1CLKDivider,APB1Freq_Value,APB1TimFreq_Value,APB2Freq_Value,APB2TimFreq_Value,CortexFreq_Value,FCLKCortexFreq_Value,FamilyName,HCLKFreq_Value,HSE_VALUE,HSI48_VALUE,HSI_VALUE,I2C1Freq_Value,I2C3Freq_Value,LPTIM1Freq_Value,LPTIM2Freq_Value,LPUART1CLockSelection,LPUART1Freq_Value,LSCOPinFreq_Value,LSI_VALUE,MCO1PinFreq_Value,MSI_VALUE,PLLPoutputFreq_Value,PLLQoutputFreq_Value,PLLRCLKFreq_Value,PLLSAI1PoutputFreq_Value,PLLSAI1QoutputFreq_Value,PLLSAI1RoutputFreq_Value,PLLSourceVirtual,PWRFreq_Value,RNGFreq_Value,RTCFreq_Value,SAI1Freq_Value,SWPMI1Freq_Value,SYSCLKFreq_VALUE,SYSCLKSource,USART1Freq_Value,USART2Freq_Value,USBFreq_Value,VCOInputFreq_Value,VCOOutputFreq_Value,VCOSAI1OutputFreq_Value
ProjectManager.AskForMigrate=true
Mcu.Name=STM32L432K(B-C)Ux
RCC.LPTIM2Freq_Value=16000000
Mcu.Pin26=VP_TIM16_VS_ClockSourceINT
LPUART1.BaudRate=9600
PA2.Signal=LPUART1_TX
Mcu.Pin24=VP_TIM2_VS_ClockSourceINT
ProjectManager.UnderRoot=true
Mcu.Pin25=VP_TIM15_VS_ClockSourceINT
Mcu.IP8=TIM16
NVIC.TIM1_CC_IRQn=true\:0\:0\:false\:false\:true\:true\:true
Mcu.IP6=TIM2
Mcu.IP7=TIM15
ProjectManager.CoupleFile=true
PA13\ (JTMS-SWDIO).Mode=Serial_Wire
PA4.Signal=GPIO_Output
RCC.SYSCLKFreq_VALUE=64000000
Mcu.Pin22=VP_SYS_VS_Systick
PB5.Signal=GPIO_Output
Mcu.Pin23=VP_TIM1_VS_ClockSourceINT
Mcu.Pin20=VP_RTC_VS_RTC_Calendar
Mcu.Pin21=VP_RTC_VS_RTC_WakeUp_intern
PA10.Locked=true
NVIC.ForceEnableDMAVector=true
KeepUserPlacement=false
PC14-OSC32_IN\ (PC14).Signal=RCC_OSC32_IN
NVIC.MemoryManagement_IRQn=true\:0\:0\:false\:false\:true\:false\:false
ProjectManager.CompilerOptimize=6
PA11.Signal=S_TIM1_CH4
VP_TIM15_VS_ClockSourceINT.Mode=Internal
ProjectManager.HeapSize=0x200
Mcu.Pin15=PA14 (JTCK-SWCLK)
NVIC.HardFault_IRQn=true\:0\:0\:false\:false\:true\:false\:false
Mcu.Pin16=PA15 (JTDI)
Mcu.Pin13=PA11
Mcu.Pin14=PA13 (JTMS-SWDIO)
Mcu.Pin19=VP_RTC_VS_RTC_Activate
SH.GPXTI15.ConfNb=1
ProjectManager.ComputerToolchain=false
Mcu.Pin17=PB4 (NJTRST)
RCC.HSI_VALUE=16000000
Mcu.Pin18=PB5
VP_RTC_VS_RTC_WakeUp_intern.Mode=WakeUp
NVIC.TIM1_UP_TIM16_IRQn=true\:0\:0\:false\:false\:true\:true\:true
NVIC.PriorityGroup=NVIC_PRIORITYGROUP_4
Mcu.Pin11=PA9
SH.GPXTI15.0=GPIO_EXTI15
Mcu.Pin12=PA10
Mcu.Pin10=PB0
PA2.Mode=Asynchronous
RCC.PWRFreq_Value=64000000
TIM16.IPParameters=Channel,Prescaler,ICPolarity_CH1
PA15\ (JTDI).Locked=true
RCC.APB1Freq_Value=16000000
PB0.Signal=GPIO_Output
SH.S_TIM1_CH4.ConfNb=1
ProjectManager.DeviceId=STM32L432KCUx
ProjectManager.LibraryCopy=1
TIM1.Channel-Input_Capture4_from_TI4=TIM_CHANNEL_4
PA7.Signal=GPIO_Output
PB4\ (NJTRST).Signal=GPIO_Output
isbadioc=false
